
Microsoft Visual Studio Solution File, Format Version 12.00
# Visual Studio 15
VisualStudioVersion = 15.0.28307.2017
MinimumVisualStudioVersion = 10.0.40219.1
Project("{FAE04EC0-301F-11D3-BF4B-00C04F79EFBC}") = "DeploymentTask1", "DeploymentTask1\DeploymentTask1.csproj", "{4EFB9683-09B6-4F0A-9FAC-1C0AAC5F05A3}"
EndProject
Project("{C7167F0D-BC9F-4E6E-AFE1-012C56B48DB5}") = "DeploymentTask1Packager", "DeploymentTask1Packager\DeploymentTask1Packager.wapproj", "{20CC8E60-2C54-4D83-9D6E-6E1A5009361B}"
EndProject
Project("{930C7802-8A8C-48F9-8165-68863BCCD9DD}") = "DeploymentTask1Installer", "DeploymentTask1Installer\DeploymentTask1Installer.wixproj", "{0E1F1E9C-7A7B-4E76-9236-0C90569E52E6}"
EndProject
Global
	GlobalSection(SolutionConfigurationPlatforms) = preSolution
		Debug|Any CPU = Debug|Any CPU
		Debug|x64 = Debug|x64
		Debug|x86 = Debug|x86
		Release|Any CPU = Release|Any CPU
		Release|x64 = Release|x64
		Release|x86 = Release|x86
	EndGlobalSection
	GlobalSection(ProjectConfigurationPlatforms) = postSolution
		{4EFB9683-09B6-4F0A-9FAC-1C0AAC5F05A3}.Debug|Any CPU.ActiveCfg = Debug|Any CPU
		{4EFB9683-09B6-4F0A-9FAC-1C0AAC5F05A3}.Debug|Any CPU.Build.0 = Debug|Any CPU
		{4EFB9683-09B6-4F0A-9FAC-1C0AAC5F05A3}.Debug|x64.ActiveCfg = Debug|Any CPU
		{4EFB9683-09B6-4F0A-9FAC-1C0AAC5F05A3}.Debug|x64.Build.0 = Debug|Any CPU
		{4EFB9683-09B6-4F0A-9FAC-1C0AAC5F05A3}.Debug|x86.ActiveCfg = Debug|Any CPU
		{4EFB9683-09B6-4F0A-9FAC-1C0AAC5F05A3}.Debug|x86.Build.0 = Debug|Any CPU
		{4EFB9683-09B6-4F0A-9FAC-1C0AAC5F05A3}.Release|Any CPU.ActiveCfg = Release|Any CPU
		{4EFB9683-09B6-4F0A-9FAC-1C0AAC5F05A3}.Release|Any CPU.Build.0 = Release|Any CPU
		{4EFB9683-09B6-4F0A-9FAC-1C0AAC5F05A3}.Release|x64.ActiveCfg = Release|Any CPU
		{4EFB9683-09B6-4F0A-9FAC-1C0AAC5F05A3}.Release|x64.Build.0 = Release|Any CPU
		{4EFB9683-09B6-4F0A-9FAC-1C0AAC5F05A3}.Release|x86.ActiveCfg = Release|Any CPU
		{4EFB9683-09B6-4F0A-9FAC-1C0AAC5F05A3}.Release|x86.Build.0 = Release|Any CPU
		{20CC8E60-2C54-4D83-9D6E-6E1A5009361B}.Debug|Any CPU.ActiveCfg = Debug|Any CPU
		{20CC8E60-2C54-4D83-9D6E-6E1A5009361B}.Debug|Any CPU.Build.0 = Debug|Any CPU
		{20CC8E60-2C54-4D83-9D6E-6E1A5009361B}.Debug|Any CPU.Deploy.0 = Debug|Any CPU
		{20CC8E60-2C54-4D83-9D6E-6E1A5009361B}.Debug|x64.ActiveCfg = Debug|x64
		{20CC8E60-2C54-4D83-9D6E-6E1A5009361B}.Debug|x64.Build.0 = Debug|x64
		{20CC8E60-2C54-4D83-9D6E-6E1A5009361B}.Debug|x64.Deploy.0 = Debug|x64
		{20CC8E60-2C54-4D83-9D6E-6E1A5009361B}.Debug|x86.ActiveCfg = Debug|x86
		{20CC8E60-2C54-4D83-9D6E-6E1A5009361B}.Debug|x86.Build.0 = Debug|x86
		{20CC8E60-2C54-4D83-9D6E-6E1A5009361B}.Debug|x86.Deploy.0 = Debug|x86
		{20CC8E60-2C54-4D83-9D6E-6E1A5009361B}.Release|Any CPU.ActiveCfg = Release|Any CPU
		{20CC8E60-2C54-4D83-9D6E-6E1A5009361B}.Release|Any CPU.Build.0 = Release|Any CPU
		{20CC8E60-2C54-4D83-9D6E-6E1A5009361B}.Release|Any CPU.Deploy.0 = Release|Any CPU
		{20CC8E60-2C54-4D83-9D6E-6E1A5009361B}.Release|x64.ActiveCfg = Release|x64
		{20CC8E60-2C54-4D83-9D6E-6E1A5009361B}.Release|x64.Build.0 = Release|x64
		{20CC8E60-2C54-4D83-9D6E-6E1A5009361B}.Release|x64.Deploy.0 = Release|x64
		{20CC8E60-2C54-4D83-9D6E-6E1A5009361B}.Release|x86.ActiveCfg = Release|x86
		{20CC8E60-2C54-4D83-9D6E-6E1A5009361B}.Release|x86.Build.0 = Release|x86
		{20CC8E60-2C54-4D83-9D6E-6E1A5009361B}.Release|x86.Deploy.0 = Release|x86
		{0E1F1E9C-7A7B-4E76-9236-0C90569E52E6}.Debug|Any CPU.ActiveCfg = Debug|x86
		{0E1F1E9C-7A7B-4E76-9236-0C90569E52E6}.Debug|x64.ActiveCfg = Debug|x86
		{0E1F1E9C-7A7B-4E76-9236-0C90569E52E6}.Debug|x86.ActiveCfg = Debug|x86
		{0E1F1E9C-7A7B-4E76-9236-0C90569E52E6}.Debug|x86.Build.0 = Debug|x86
		{0E1F1E9C-7A7B-4E76-9236-0C90569E52E6}.Release|Any CPU.ActiveCfg = Release|x86
		{0E1F1E9C-7A7B-4E76-9236-0C90569E52E6}.Release|x64.ActiveCfg = Release|x86
		{0E1F1E9C-7A7B-4E76-9236-0C90569E52E6}.Release|x86.ActiveCfg = Release|x86
		{0E1F1E9C-7A7B-4E76-9236-0C90569E52E6}.Release|x86.Build.0 = Release|x86
	EndGlobalSection
	GlobalSection(SolutionProperties) = preSolution
		HideSolutionNode = FALSE
	EndGlobalSection
	GlobalSection(ExtensibilityGlobals) = postSolution
		SolutionGuid = {52627AE0-136D-4B0E-A9BB-7C9C6C58BF90}
	EndGlobalSection
EndGlobal
